// !$*UTF8*$!
{
	archiveVersion = 1;
	classes = {
	};
	objectVersion = 46;
	objects = {

/* Begin PBXBuildFile section */
		BA5FA94B1AAF9111002FCB02 /* main.m in Sources */ = {isa = PBXBuildFile; fileRef = BA5FA94A1AAF9111002FCB02 /* main.m */; };
		BA5FA94E1AAF9111002FCB02 /* AppDelegate.m in Sources */ = {isa = PBXBuildFile; fileRef = BA5FA94D1AAF9111002FCB02 /* AppDelegate.m */; };
		BA5FA9511AAF9111002FCB02 /* OurCalender.xcdatamodeld in Sources */ = {isa = PBXBuildFile; fileRef = BA5FA94F1AAF9111002FCB02 /* OurCalender.xcdatamodeld */; };
		BA5FA9541AAF9111002FCB02 /* ViewController.m in Sources */ = {isa = PBXBuildFile; fileRef = BA5FA9531AAF9111002FCB02 /* ViewController.m */; };
		BA5FA9571AAF9111002FCB02 /* Main.storyboard in Resources */ = {isa = PBXBuildFile; fileRef = BA5FA9551AAF9111002FCB02 /* Main.storyboard */; };
		BA5FA9591AAF9111002FCB02 /* Images.xcassets in Resources */ = {isa = PBXBuildFile; fileRef = BA5FA9581AAF9111002FCB02 /* Images.xcassets */; };
		BA5FA95C1AAF9111002FCB02 /* LaunchScreen.xib in Resources */ = {isa = PBXBuildFile; fileRef = BA5FA95A1AAF9111002FCB02 /* LaunchScreen.xib */; };
		BA5FA9681AAF9111002FCB02 /* OurCalenderTests.m in Sources */ = {isa = PBXBuildFile; fileRef = BA5FA9671AAF9111002FCB02 /* OurCalenderTests.m */; };
/* End PBXBuildFile section */

/* Begin PBXContainerItemProxy section */
		BA5FA9621AAF9111002FCB02 /* PBXContainerItemProxy */ = {
			isa = PBXContainerItemProxy;
			containerPortal = BA5FA93D1AAF9110002FCB02 /* Project object */;
			proxyType = 1;
			remoteGlobalIDString = BA5FA9441AAF9111002FCB02;
			remoteInfo = OurCalender;
		};
/* End PBXContainerItemProxy section */

/* Begin PBXFileReference section */
		BA5FA9451AAF9111002FCB02 /* OurCalender.app */ = {isa = PBXFileReference; explicitFileType = wrapper.application; includeInIndex = 0; path = OurCalender.app; sourceTree = BUILT_PRODUCTS_DIR; };
		BA5FA9491AAF9111002FCB02 /* Info.plist */ = {isa = PBXFileReference; lastKnownFileType = text.plist.xml; path = Info.plist; sourceTree = "<group>"; };
		BA5FA94A1AAF9111002FCB02 /* main.m */ = {isa = PBXFileReference; lastKnownFileType = sourcecode.c.objc; path = main.m; sourceTree = "<group>"; };
		BA5FA94C1AAF9111002FCB02 /* AppDelegate.h */ = {isa = PBXFileReference; lastKnownFileType = sourcecode.c.h; path = AppDelegate.h; sourceTree = "<group>"; };
		BA5FA94D1AAF9111002FCB02 /* AppDelegate.m */ = {isa = PBXFileReference; lastKnownFileType = sourcecode.c.objc; path = AppDelegate.m; sourceTree = "<group>"; };
		BA5FA9501AAF9111002FCB02 /* OurCalender.xcdatamodel */ = {isa = PBXFileReference; lastKnownFileType = wrapper.xcdatamodel; path = OurCalender.xcdatamodel; sourceTree = "<group>"; };
		BA5FA9521AAF9111002FCB02 /* ViewController.h */ = {isa = PBXFileReference; lastKnownFileType = sourcecode.c.h; path = ViewController.h; sourceTree = "<group>"; };
		BA5FA9531AAF9111002FCB02 /* ViewController.m */ = {isa = PBXFileReference; lastKnownFileType = sourcecode.c.objc; path = ViewController.m; sourceTree = "<group>"; };
		BA5FA9561AAF9111002FCB02 /* Base */ = {isa = PBXFileReference; lastKnownFileType = file.storyboard; name = Base; path = Base.lproj/Main.storyboard; sourceTree = "<group>"; };
		BA5FA9581AAF9111002FCB02 /* Images.xcassets */ = {isa = PBXFileReference; lastKnownFileType = folder.assetcatalog; path = Images.xcassets; sourceTree = "<group>"; };
		BA5FA95B1AAF9111002FCB02 /* Base */ = {isa = PBXFileReference; lastKnownFileType = file.xib; name = Base; path = Base.lproj/LaunchScreen.xib; sourceTree = "<group>"; };
		BA5FA9611AAF9111002FCB02 /* OurCalenderTests.xctest */ = {isa = PBXFileReference; explicitFileType = wrapper.cfbundle; includeInIndex = 0; path = OurCalenderTests.xctest; sourceTree = BUILT_PRODUCTS_DIR; };
		BA5FA9661AAF9111002FCB02 /* Info.plist */ = {isa = PBXFileReference; lastKnownFileType = text.plist.xml; path = Info.plist; sourceTree = "<group>"; };
		BA5FA9671AAF9111002FCB02 /* OurCalenderTests.m */ = {isa = PBXFileReference; lastKnownFileType = sourcecode.c.objc; path = OurCalenderTests.m; sourceTree = "<group>"; };
/* End PBXFileReference section */

/* Begin PBXFrameworksBuildPhase section */
		BA5FA9421AAF9111002FCB02 /* Frameworks */ = {
			isa = PBXFrameworksBuildPhase;
			buildActionMask = 2147483647;
			files = (
			);
			runOnlyForDeploymentPostprocessing = 0;
		};
		BA5FA95E1AAF9111002FCB02 /* Frameworks */ = {
			isa = PBXFrameworksBuildPhase;
			buildActionMask = 2147483647;
			files = (
			);
			runOnlyForDeploymentPostprocessing = 0;
		};
/* End PBXFrameworksBuildPhase section */

/* Begin PBXGroup section */
		BA5FA93C1AAF9110002FCB02 = {
			isa = PBXGroup;
			children = (
				BA5FA9471AAF9111002FCB02 /* OurCalender */,
				BA5FA9641AAF9111002FCB02 /* OurCalenderTests */,
				BA5FA9461AAF9111002FCB02 /* Products */,
			);
			sourceTree = "<group>";
		};
		BA5FA9461AAF9111002FCB02 /* Products */ = {
			isa = PBXGroup;
			children = (
				BA5FA9451AAF9111002FCB02 /* OurCalender.app */,
				BA5FA9611AAF9111002FCB02 /* OurCalenderTests.xctest */,
			);
			name = Products;
			sourceTree = "<group>";
		};
		BA5FA9471AAF9111002FCB02 /* OurCalender */ = {
			isa = PBXGroup;
			children = (
				BA5FA94C1AAF9111002FCB02 /* AppDelegate.h */,
				BA5FA94D1AAF9111002FCB02 /* AppDelegate.m */,
				BA5FA9521AAF9111002FCB02 /* ViewController.h */,
				BA5FA9531AAF9111002FCB02 /* ViewController.m */,
				BA5FA9551AAF9111002FCB02 /* Main.storyboard */,
				BA5FA9581AAF9111002FCB02 /* Images.xcassets */,
				BA5FA95A1AAF9111002FCB02 /* LaunchScreen.xib */,
				BA5FA94F1AAF9111002FCB02 /* OurCalender.xcdatamodeld */,
				BA5FA9481AAF9111002FCB02 /* Supporting Files */,
			);
			path = OurCalender;
			sourceTree = "<group>";
		};
		BA5FA9481AAF9111002FCB02 /* Supporting Files */ = {
			isa = PBXGroup;
			children = (
				BA5FA9491AAF9111002FCB02 /* Info.plist */,
				BA5FA94A1AAF9111002FCB02 /* main.m */,
			);
			name = "Supporting Files";
			sourceTree = "<group>";
		};
		BA5FA9641AAF9111002FCB02 /* OurCalenderTests */ = {
			isa = PBXGroup;
			children = (
				BA5FA9671AAF9111002FCB02 /* OurCalenderTests.m */,
				BA5FA9651AAF9111002FCB02 /* Supporting Files */,
			);
			path = OurCalenderTests;
			sourceTree = "<group>";
		};
		BA5FA9651AAF9111002FCB02 /* Supporting Files */ = {
			isa = PBXGroup;
			children = (
				BA5FA9661AAF9111002FCB02 /* Info.plist */,
			);
			name = "Supporting Files";
			sourceTree = "<group>";
		};
/* End PBXGroup section */

/* Begin PBXNativeTarget section */
		BA5FA9441AAF9111002FCB02 /* OurCalender */ = {
			isa = PBXNativeTarget;
			buildConfigurationList = BA5FA96B1AAF9111002FCB02 /* Build configuration list for PBXNativeTarget "OurCalender" */;
			buildPhases = (
				BA5FA9411AAF9111002FCB02 /* Sources */,
				BA5FA9421AAF9111002FCB02 /* Frameworks */,
				BA5FA9431AAF9111002FCB02 /* Resources */,
			);
			buildRules = (
			);
			dependencies = (
			);
			name = OurCalender;
			productName = OurCalender;
			productReference = BA5FA9451AAF9111002FCB02 /* OurCalender.app */;
			productType = "com.apple.product-type.application";
		};
		BA5FA9601AAF9111002FCB02 /* OurCalenderTests */ = {
			isa = PBXNativeTarget;
			buildConfigurationList = BA5FA96E1AAF9111002FCB02 /* Build configuration list for PBXNativeTarget "OurCalenderTests" */;
			buildPhases = (
				BA5FA95D1AAF9111002FCB02 /* Sources */,
				BA5FA95E1AAF9111002FCB02 /* Frameworks */,
				BA5FA95F1AAF9111002FCB02 /* Resources */,
			);
			buildRules = (
			);
			dependencies = (
				BA5FA9631AAF9111002FCB02 /* PBXTargetDependency */,
			);
			name = OurCalenderTests;
			productName = OurCalenderTests;
			productReference = BA5FA9611AAF9111002FCB02 /* OurCalenderTests.xctest */;
			productType = "com.apple.product-type.bundle.unit-test";
		};
/* End PBXNativeTarget section */

/* Begin PBXProject section */
		BA5FA93D1AAF9110002FCB02 /* Project object */ = {
			isa = PBXProject;
			attributes = {
				LastUpgradeCheck = 0610;
				ORGANIZATIONNAME = "shuang yang";
				TargetAttributes = {
					BA5FA9441AAF9111002FCB02 = {
						CreatedOnToolsVersion = 6.1.1;
					};
					BA5FA9601AAF9111002FCB02 = {
						CreatedOnToolsVersion = 6.1.1;
						TestTargetID = BA5FA9441AAF9111002FCB02;
					};
				};
			};
			buildConfigurationList = BA5FA9401AAF9111002FCB02 /* Build configuration list for PBXProject "OurCalender" */;
			compatibilityVersion = "Xcode 3.2";
			developmentRegion = English;
			hasScannedForEncodings = 0;
			knownRegions = (
				en,
				Base,
			);
			mainGroup = BA5FA93C1AAF9110002FCB02;
			productRefGroup = BA5FA9461AAF9111002FCB02 /* Products */;
			projectDirPath = "";
			projectRoot = "";
			targets = (
				BA5FA9441AAF9111002FCB02 /* OurCalender */,
				BA5FA9601AAF9111002FCB02 /* OurCalenderTests */,
			);
		};
/* End PBXProject section */

/* Begin PBXResourcesBuildPhase section */
		BA5FA9431AAF9111002FCB02 /* Resources */ = {
			isa = PBXResourcesBuildPhase;
			buildActionMask = 2147483647;
			files = (
				BA5FA9571AAF9111002FCB02 /* Main.storyboard in Resources */,
				BA5FA95C1AAF9111002FCB02 /* LaunchScreen.xib in Resources */,
				BA5FA9591AAF9111002FCB02 /* Images.xcassets in Resources */,
			);
			runOnlyForDeploymentPostprocessing = 0;
		};
		BA5FA95F1AAF9111002FCB02 /* Resources */ = {
			isa = PBXResourcesBuildPhase;
			buildActionMask = 2147483647;
			files = (
			);
			runOnlyForDeploymentPostprocessing = 0;
		};
/* End PBXResourcesBuildPhase section */

/* Begin PBXSourcesBuildPhase section */
		BA5FA9411AAF9111002FCB02 /* Sources */ = {
			isa = PBXSourcesBuildPhase;
			buildActionMask = 2147483647;
			files = (
				BA5FA94E1AAF9111002FCB02 /* AppDelegate.m in Sources */,
				BA5FA9511AAF9111002FCB02 /* OurCalender.xcdatamodeld in Sources */,
				BA5FA9541AAF9111002FCB02 /* ViewController.m in Sources */,
				BA5FA94B1AAF9111002FCB02 /* main.m in Sources */,
			);
			runOnlyForDeploymentPostprocessing = 0;
		};
		BA5FA95D1AAF9111002FCB02 /* Sources */ = {
			isa = PBXSourcesBuildPhase;
			buildActionMask = 2147483647;
			files = (
				BA5FA9681AAF9111002FCB02 /* OurCalenderTests.m in Sources */,
			);
			runOnlyForDeploymentPostprocessing = 0;
		};
/* End PBXSourcesBuildPhase section */

/* Begin PBXTargetDependency section */
		BA5FA9631AAF9111002FCB02 /* PBXTargetDependency */ = {
			isa = PBXTargetDependency;
			target = BA5FA9441AAF9111002FCB02 /* OurCalender */;
			targetProxy = BA5FA9621AAF9111002FCB02 /* PBXContainerItemProxy */;
		};
/* End PBXTargetDependency section */

/* Begin PBXVariantGroup section */
		BA5FA9551AAF9111002FCB02 /* Main.storyboard */ = {
			isa = PBXVariantGroup;
			children = (
				BA5FA9561AAF9111002FCB02 /* Base */,
			);
			name = Main.storyboard;
			sourceTree = "<group>";
		};
		BA5FA95A1AAF9111002FCB02 /* LaunchScreen.xib */ = {
			isa = PBXVariantGroup;
			children = (
				BA5FA95B1AAF9111002FCB02 /* Base */,
			);
			name = LaunchScreen.xib;
			sourceTree = "<group>";
		};
/* End PBXVariantGroup section */

/* Begin XCBuildConfiguration section */
		BA5FA9691AAF9111002FCB02 /* Debug */ = {
			isa = XCBuildConfiguration;
			buildSettings = {
				ALWAYS_SEARCH_USER_PATHS = NO;
				CLANG_CXX_LANGUAGE_STANDARD = "gnu++0x";
				CLANG_CXX_LIBRARY = "libc++";
				CLANG_ENABLE_MODULES = YES;
				CLANG_ENABLE_OBJC_ARC = YES;
				CLANG_WARN_BOOL_CONVERSION = YES;
				CLANG_WARN_CONSTANT_CONVERSION = YES;
				CLANG_WARN_DIRECT_OBJC_ISA_USAGE = YES_ERROR;
				CLANG_WARN_EMPTY_BODY = YES;
				CLANG_WARN_ENUM_CONVERSION = YES;
				CLANG_WARN_INT_CONVERSION = YES;
				CLANG_WARN_OBJC_ROOT_CLASS = YES_ERROR;
				CLANG_WARN_UNREACHABLE_CODE = YES;
				CLANG_WARN__DUPLICATE_METHOD_MATCH = YES;
				"CODE_SIGN_IDENTITY[sdk=iphoneos*]" = "iPhone Developer";
				COPY_PHASE_STRIP = NO;
				ENABLE_STRICT_OBJC_MSGSEND = YES;
				GCC_C_LANGUAGE_STANDARD = gnu99;
				GCC_DYNAMIC_NO_PIC = NO;
				GCC_OPTIMIZATION_LEVEL = 0;
				GCC_PREPROCESSOR_DEFINITIONS = (
					"DEBUG=1",
					"$(inherited)",
				);
				GCC_SYMBOLS_PRIVATE_EXTERN = NO;
				GCC_WARN_64_TO_32_BIT_CONVERSION = YES;
				GCC_WARN_ABOUT_RETURN_TYPE = YES_ERROR;
				GCC_WARN_UNDECLARED_SELECTOR = YES;
				GCC_WARN_UNINITIALIZED_AUTOS = YES_AGGRESSIVE;
				GCC_WARN_UNUSED_FUNCTION = YES;
				GCC_WARN_UNUSED_VARIABLE = YES;
				IPHONEOS_DEPLOYMENT_TARGET = 8.1;
				MTL_ENABLE_DEBUG_INFO = YES;
				ONLY_ACTIVE_ARCH = YES;
				SDKROOT = iphoneos;
				TARGETED_DEVICE_FAMILY = "1,2";
			};
			name = Debug;
		};
		BA5FA96A1AAF9111002FCB02 /* Release */ = {
			isa = XCBuildConfiguration;
			buildSettings = {
				ALWAYS_SEARCH_USER_PATHS = NO;
				CLANG_CXX_LANGUAGE_STANDARD = "gnu++0x";
				CLANG_CXX_LIBRARY = "libc++";
				CLANG_ENABLE_MODULES = YES;
				CLANG_ENABLE_OBJC_ARC = YES;
				CLANG_WARN_BOOL_CONVERSION = YES;
				CLANG_WARN_CONSTANT_CONVERSION = YES;
				CLANG_WARN_DIRECT_OBJC_ISA_USAGE = YES_ERROR;
				CLANG_WARN_EMPTY_BODY = YES;
				CLANG_WARN_ENUM_CONVERSION = YES;
				CLANG_WARN_INT_CONVERSION = YES;
				CLANG_WARN_OBJC_ROOT_CLASS = YES_ERROR;
				CLANG_WARN_UNREACHABLE_CODE = YES;
				CLANG_WARN__DUPLICATE_METHOD_MATCH = YES;
				"CODE_SIGN_IDENTITY[sdk=iphoneos*]" = "iPhone Developer";
				COPY_PHASE_STRIP = YES;
				ENABLE_NS_ASSERTIONS = NO;
				ENABLE_STRICT_OBJC_MSGSEND = YES;
				GCC_C_LANGUAGE_STANDARD = gnu99;
				GCC_WARN_64_TO_32_BIT_CONVERSION = YES;
				GCC_WARN_ABOUT_RETURN_TYPE = YES_ERROR;
				GCC_WARN_UNDECLARED_SELECTOR = YES;
				GCC_WARN_UNINITIALIZED_AUTOS = YES_AGGRESSIVE;
				GCC_WARN_UNUSED_FUNCTION = YES;
				GCC_WARN_UNUSED_VARIABLE = YES;
				IPHONEOS_DEPLOYMENT_TARGET = 8.1;
				MTL_ENABLE_DEBUG_INFO = NO;
				SDKROOT = iphoneos;
				TARGETED_DEVICE_FAMILY = "1,2";
				VALIDATE_PRODUCT = YES;
			};
			name = Release;
		};
		BA5FA96C1AAF9111002FCB02 /* Debug */ = {
			isa = XCBuildConfiguration;
			buildSettings = {
				ASSETCATALOG_COMPILER_APPICON_NAME = AppIcon;
				INFOPLIST_FILE = OurCalender/Info.plist;
				LD_RUNPATH_SEARCH_PATHS = "$(inherited) @executable_path/Frameworks";
				PRODUCT_NAME = "$(TARGET_NAME)";
			};
			name = Debug;
		};
		BA5FA96D1AAF9111002FCB02 /* Release */ = {
			isa = XCBuildConfiguration;
			buildSettings = {
				ASSETCATALOG_COMPILER_APPICON_NAME = AppIcon;
				INFOPLIST_FILE = OurCalender/Info.plist;
				LD_RUNPATH_SEARCH_PATHS = "$(inherited) @executable_path/Frameworks";
				PRODUCT_NAME = "$(TARGET_NAME)";
			};
			name = Release;
		};
		BA5FA96F1AAF9111002FCB02 /* Debug */ = {
			isa = XCBuildConfiguration;
			buildSettings = {
				BUNDLE_LOADER = "$(TEST_HOST)";
				FRAMEWORK_SEARCH_PATHS = (
					"$(SDKROOT)/Developer/Library/Frameworks",
					"$(inherited)",
				);
				GCC_PREPROCESSOR_DEFINITIONS = (
					"DEBUG=1",
					"$(inherited)",
				);
				INFOPLIST_FILE = OurCalenderTests/Info.plist;
				LD_RUNPATH_SEARCH_PATHS = "$(inherited) @executable_path/Frameworks @loader_path/Frameworks";
				PRODUCT_NAME = "$(TARGET_NAME)";
				TEST_HOST = "$(BUILT_PRODUCTS_DIR)/OurCalender.app/OurCalender";
			};
			name = Debug;
		};
		BA5FA9701AAF9111002FCB02 /* Release */ = {
			isa = XCBuildConfiguration;
			buildSettings = {
				BUNDLE_LOADER = "$(TEST_HOST)";
				FRAMEWORK_SEARCH_PATHS = (
					"$(SDKROOT)/Developer/Library/Frameworks",
					"$(inherited)",
				);
				INFOPLIST_FILE = OurCalenderTests/Info.plist;
				LD_RUNPATH_SEARCH_PATHS = "$(inherited) @executable_path/Frameworks @loader_path/Frameworks";
				PRODUCT_NAME = "$(TARGET_NAME)";
				TEST_HOST = "$(BUILT_PRODUCTS_DIR)/OurCalender.app/OurCalender";
			};
			name = Release;
		};
/* End XCBuildConfiguration section */

/* Begin XCConfigurationList section */
		BA5FA9401AAF9111002FCB02 /* Build configuration list for PBXProject "OurCalender" */ = {
			isa = XCConfigurationList;
			buildConfigurations = (
				BA5FA9691AAF9111002FCB02 /* Debug */,
				BA5FA96A1AAF9111002FCB02 /* Release */,
			);
			defaultConfigurationIsVisible = 0;
			defaultConfigurationName = Release;
		};
		BA5FA96B1AAF9111002FCB02 /* Build configuration list for PBXNativeTarget "OurCalender" */ = {
			isa = XCConfigurationList;
			buildConfigurations = (
				BA5FA96C1AAF9111002FCB02 /* Debug */,
				BA5FA96D1AAF9111002FCB02 /* Release */,
			);
			defaultConfigurationIsVisible = 0;
		};
		BA5FA96E1AAF9111002FCB02 /* Build configuration list for PBXNativeTarget "OurCalenderTests" */ = {
			isa = XCConfigurationList;
			buildConfigurations = (
				BA5FA96F1AAF9111002FCB02 /* Debug */,
				BA5FA9701AAF9111002FCB02 /* Release */,
			);
			defaultConfigurationIsVisible = 0;
		};
/* End XCConfigurationList section */

/* Begin XCVersionGroup section */
		BA5FA94F1AAF9111002FCB02 /* OurCalender.xcdatamodeld */ = {
			isa = XCVersionGroup;
			children = (
				BA5FA9501AAF9111002FCB02 /* OurCalender.xcdatamodel */,
			);
			currentVersion = BA5FA9501AAF9111002FCB02 /* OurCalender.xcdatamodel */;
			path = OurCalender.xcdatamodeld;
			sourceTree = "<group>";
			versionGroupType = wrapper.xcdatamodel;
		};
/* End XCVersionGroup section */
	};
	rootObject = BA5FA93D1AAF9110002FCB02 /* Project object */;
}
